// !$*UTF8*$!
{
	archiveVersion = 1;
	classes = {
	};
	objectVersion = 48;
	objects = {

/* Begin PBXBuildFile section */
		231C9207205925F1004154FE /* AppDelegate.swift in Sources */ = {isa = PBXBuildFile; fileRef = 231C9206205925F1004154FE /* AppDelegate.swift */; };
		231C9209205925F1004154FE /* SignInVC.swift in Sources */ = {isa = PBXBuildFile; fileRef = 231C9208205925F1004154FE /* SignInVC.swift */; };
		231C920C205925F1004154FE /* Main.storyboard in Resources */ = {isa = PBXBuildFile; fileRef = 231C920A205925F1004154FE /* Main.storyboard */; };
		231C920E205925F1004154FE /* Assets.xcassets in Resources */ = {isa = PBXBuildFile; fileRef = 231C920D205925F1004154FE /* Assets.xcassets */; };
		231C9211205925F1004154FE /* LaunchScreen.storyboard in Resources */ = {isa = PBXBuildFile; fileRef = 231C920F205925F1004154FE /* LaunchScreen.storyboard */; };
		231C92192059268C004154FE /* GoogleService-Info.plist in Resources */ = {isa = PBXBuildFile; fileRef = 231C92182059268C004154FE /* GoogleService-Info.plist */; };
		F57477A66309F78A9C610358 /* Pods_KindOfInsta.framework in Frameworks */ = {isa = PBXBuildFile; fileRef = D237F39C7DAD8CEFC4F8DB58 /* Pods_KindOfInsta.framework */; };
/* End PBXBuildFile section */

/* Begin PBXFileReference section */
		231C9203205925F1004154FE /* KindOfInsta.app */ = {isa = PBXFileReference; explicitFileType = wrapper.application; includeInIndex = 0; path = KindOfInsta.app; sourceTree = BUILT_PRODUCTS_DIR; };
		231C9206205925F1004154FE /* AppDelegate.swift */ = {isa = PBXFileReference; lastKnownFileType = sourcecode.swift; path = AppDelegate.swift; sourceTree = "<group>"; };
		231C9208205925F1004154FE /* SignInVC.swift */ = {isa = PBXFileReference; lastKnownFileType = sourcecode.swift; path = SignInVC.swift; sourceTree = "<group>"; };
		231C920B205925F1004154FE /* Base */ = {isa = PBXFileReference; lastKnownFileType = file.storyboard; name = Base; path = Base.lproj/Main.storyboard; sourceTree = "<group>"; };
		231C920D205925F1004154FE /* Assets.xcassets */ = {isa = PBXFileReference; lastKnownFileType = folder.assetcatalog; path = Assets.xcassets; sourceTree = "<group>"; };
		231C9210205925F1004154FE /* Base */ = {isa = PBXFileReference; lastKnownFileType = file.storyboard; name = Base; path = Base.lproj/LaunchScreen.storyboard; sourceTree = "<group>"; };
		231C9212205925F1004154FE /* Info.plist */ = {isa = PBXFileReference; lastKnownFileType = text.plist.xml; path = Info.plist; sourceTree = "<group>"; };
		231C92182059268C004154FE /* GoogleService-Info.plist */ = {isa = PBXFileReference; fileEncoding = 4; lastKnownFileType = text.plist.xml; path = "GoogleService-Info.plist"; sourceTree = "<group>"; };
		3F6CE79D5C365602C596E4C1 /* Pods-KindOfInsta.debug.xcconfig */ = {isa = PBXFileReference; includeInIndex = 1; lastKnownFileType = text.xcconfig; name = "Pods-KindOfInsta.debug.xcconfig"; path = "Pods/Target Support Files/Pods-KindOfInsta/Pods-KindOfInsta.debug.xcconfig"; sourceTree = "<group>"; };
		D237F39C7DAD8CEFC4F8DB58 /* Pods_KindOfInsta.framework */ = {isa = PBXFileReference; explicitFileType = wrapper.framework; includeInIndex = 0; path = Pods_KindOfInsta.framework; sourceTree = BUILT_PRODUCTS_DIR; };
		D40297A0C07C01C5DABC64E5 /* Pods-KindOfInsta.release.xcconfig */ = {isa = PBXFileReference; includeInIndex = 1; lastKnownFileType = text.xcconfig; name = "Pods-KindOfInsta.release.xcconfig"; path = "Pods/Target Support Files/Pods-KindOfInsta/Pods-KindOfInsta.release.xcconfig"; sourceTree = "<group>"; };
/* End PBXFileReference section */

/* Begin PBXFrameworksBuildPhase section */
		231C9200205925F1004154FE /* Frameworks */ = {
			isa = PBXFrameworksBuildPhase;
			buildActionMask = 2147483647;
			files = (
				F57477A66309F78A9C610358 /* Pods_KindOfInsta.framework in Frameworks */,
			);
			runOnlyForDeploymentPostprocessing = 0;
		};
/* End PBXFrameworksBuildPhase section */

/* Begin PBXGroup section */
		231C91FA205925F1004154FE = {
			isa = PBXGroup;
			children = (
				231C9205205925F1004154FE /* KindOfInsta */,
				231C9204205925F1004154FE /* Products */,
				CA3A7087536DF318E760BCDB /* Pods */,
				612216858711F726AF052CA0 /* Frameworks */,
			);
			sourceTree = "<group>";
		};
		231C9204205925F1004154FE /* Products */ = {
			isa = PBXGroup;
			children = (
				231C9203205925F1004154FE /* KindOfInsta.app */,
			);
			name = Products;
			sourceTree = "<group>";
		};
		231C9205205925F1004154FE /* KindOfInsta */ = {
			isa = PBXGroup;
			children = (
				231C921C20592AC4004154FE /* Controller */,
				231C921B20592ABB004154FE /* View */,
				231C921A20592AAD004154FE /* Model */,
				231C9206205925F1004154FE /* AppDelegate.swift */,
				231C920A205925F1004154FE /* Main.storyboard */,
				231C920D205925F1004154FE /* Assets.xcassets */,
				231C920F205925F1004154FE /* LaunchScreen.storyboard */,
				231C9212205925F1004154FE /* Info.plist */,
				231C92182059268C004154FE /* GoogleService-Info.plist */,
			);
			path = KindOfInsta;
			sourceTree = "<group>";
		};
		231C921A20592AAD004154FE /* Model */ = {
			isa = PBXGroup;
			children = (
			);
			path = Model;
			sourceTree = "<group>";
		};
		231C921B20592ABB004154FE /* View */ = {
			isa = PBXGroup;
			children = (
			);
			path = View;
			sourceTree = "<group>";
		};
		231C921C20592AC4004154FE /* Controller */ = {
			isa = PBXGroup;
			children = (
				231C9208205925F1004154FE /* SignInVC.swift */,
			);
			path = Controller;
			sourceTree = "<group>";
		};
		612216858711F726AF052CA0 /* Frameworks */ = {
			isa = PBXGroup;
			children = (
				D237F39C7DAD8CEFC4F8DB58 /* Pods_KindOfInsta.framework */,
			);
			name = Frameworks;
			sourceTree = "<group>";
		};
		CA3A7087536DF318E760BCDB /* Pods */ = {
			isa = PBXGroup;
			children = (
				3F6CE79D5C365602C596E4C1 /* Pods-KindOfInsta.debug.xcconfig */,
				D40297A0C07C01C5DABC64E5 /* Pods-KindOfInsta.release.xcconfig */,
			);
			name = Pods;
			sourceTree = "<group>";
		};
/* End PBXGroup section */

/* Begin PBXNativeTarget section */
		231C9202205925F1004154FE /* KindOfInsta */ = {
			isa = PBXNativeTarget;
			buildConfigurationList = 231C9215205925F1004154FE /* Build configuration list for PBXNativeTarget "KindOfInsta" */;
			buildPhases = (
				66904B27E0C00C3F973D7B8E /* [CP] Check Pods Manifest.lock */,
				231C91FF205925F1004154FE /* Sources */,
				231C9200205925F1004154FE /* Frameworks */,
				231C9201205925F1004154FE /* Resources */,
				7D0EFB004EB960C2FA9D3267 /* [CP] Embed Pods Frameworks */,
				F59DB84A7BF56DB2CD2B1905 /* [CP] Copy Pods Resources */,
			);
			buildRules = (
			);
			dependencies = (
			);
			name = KindOfInsta;
			productName = KindOfInsta;
			productReference = 231C9203205925F1004154FE /* KindOfInsta.app */;
			productType = "com.apple.product-type.application";
		};
/* End PBXNativeTarget section */

/* Begin PBXProject section */
		231C91FB205925F1004154FE /* Project object */ = {
			isa = PBXProject;
			attributes = {
				LastSwiftUpdateCheck = 0920;
				LastUpgradeCheck = 0920;
				ORGANIZATIONNAME = "Jakub Slawecki";
				TargetAttributes = {
					231C9202205925F1004154FE = {
						CreatedOnToolsVersion = 9.2;
						ProvisioningStyle = Automatic;
					};
				};
			};
			buildConfigurationList = 231C91FE205925F1004154FE /* Build configuration list for PBXProject "KindOfInsta" */;
			compatibilityVersion = "Xcode 8.0";
			developmentRegion = en;
			hasScannedForEncodings = 0;
			knownRegions = (
				en,
				Base,
			);
			mainGroup = 231C91FA205925F1004154FE;
			productRefGroup = 231C9204205925F1004154FE /* Products */;
			projectDirPath = "";
			projectRoot = "";
			targets = (
				231C9202205925F1004154FE /* KindOfInsta */,
			);
		};
/* End PBXProject section */

/* Begin PBXResourcesBuildPhase section */
		231C9201205925F1004154FE /* Resources */ = {
			isa = PBXResourcesBuildPhase;
			buildActionMask = 2147483647;
			files = (
				231C9211205925F1004154FE /* LaunchScreen.storyboard in Resources */,
				231C92192059268C004154FE /* GoogleService-Info.plist in Resources */,
				231C920E205925F1004154FE /* Assets.xcassets in Resources */,
				231C920C205925F1004154FE /* Main.storyboard in Resources */,
			);
			runOnlyForDeploymentPostprocessing = 0;
		};
/* End PBXResourcesBuildPhase section */

/* Begin PBXShellScriptBuildPhase section */
		66904B27E0C00C3F973D7B8E /* [CP] Check Pods Manifest.lock */ = {
			isa = PBXShellScriptBuildPhase;
			buildActionMask = 2147483647;
			files = (
			);
			inputPaths = (
				"${PODS_PODFILE_DIR_PATH}/Podfile.lock",
				"${PODS_ROOT}/Manifest.lock",
			);
			name = "[CP] Check Pods Manifest.lock";
			outputPaths = (
				"$(DERIVED_FILE_DIR)/Pods-KindOfInsta-checkManifestLockResult.txt",
			);
			runOnlyForDeploymentPostprocessing = 0;
			shellPath = /bin/sh;
			shellScript = "diff \"${PODS_PODFILE_DIR_PATH}/Podfile.lock\" \"${PODS_ROOT}/Manifest.lock\" > /dev/null\nif [ $? != 0 ] ; then\n    # print error to STDERR\n    echo \"error: The sandbox is not in sync with the Podfile.lock. Run 'pod install' or update your CocoaPods installation.\" >&2\n    exit 1\nfi\n# This output is used by Xcode 'outputs' to avoid re-running this script phase.\necho \"SUCCESS\" > \"${SCRIPT_OUTPUT_FILE_0}\"\n";
			showEnvVarsInLog = 0;
		};
		7D0EFB004EB960C2FA9D3267 /* [CP] Embed Pods Frameworks */ = {
			isa = PBXShellScriptBuildPhase;
			buildActionMask = 2147483647;
			files = (
			);
			inputPaths = (
				"${SRCROOT}/Pods/Target Support Files/Pods-KindOfInsta/Pods-KindOfInsta-frameworks.sh",
				"${BUILT_PRODUCTS_DIR}/GTMSessionFetcher/GTMSessionFetcher.framework",
				"${BUILT_PRODUCTS_DIR}/GoogleToolboxForMac/GoogleToolboxForMac.framework",
				"${BUILT_PRODUCTS_DIR}/leveldb-library/leveldb.framework",
				"${BUILT_PRODUCTS_DIR}/nanopb/nanopb.framework",
			);
			name = "[CP] Embed Pods Frameworks";
			outputPaths = (
				"${TARGET_BUILD_DIR}/${FRAMEWORKS_FOLDER_PATH}/GTMSessionFetcher.framework",
				"${TARGET_BUILD_DIR}/${FRAMEWORKS_FOLDER_PATH}/GoogleToolboxForMac.framework",
				"${TARGET_BUILD_DIR}/${FRAMEWORKS_FOLDER_PATH}/leveldb.framework",
				"${TARGET_BUILD_DIR}/${FRAMEWORKS_FOLDER_PATH}/nanopb.framework",
			);
			runOnlyForDeploymentPostprocessing = 0;
			shellPath = /bin/sh;
			shellScript = "\"${SRCROOT}/Pods/Target Support Files/Pods-KindOfInsta/Pods-KindOfInsta-frameworks.sh\"\n";
			showEnvVarsInLog = 0;
		};
		F59DB84A7BF56DB2CD2B1905 /* [CP] Copy Pods Resources */ = {
			isa = PBXShellScriptBuildPhase;
			buildActionMask = 2147483647;
			files = (
			);
			inputPaths = (
			);
			name = "[CP] Copy Pods Resources";
			outputPaths = (
			);
			runOnlyForDeploymentPostprocessing = 0;
			shellPath = /bin/sh;
			shellScript = "\"${SRCROOT}/Pods/Target Support Files/Pods-KindOfInsta/Pods-KindOfInsta-resources.sh\"\n";
			showEnvVarsInLog = 0;
		};
/* End PBXShellScriptBuildPhase section */

/* Begin PBXSourcesBuildPhase section */
		231C91FF205925F1004154FE /* Sources */ = {
			isa = PBXSourcesBuildPhase;
			buildActionMask = 2147483647;
			files = (
				231C9209205925F1004154FE /* SignInVC.swift in Sources */,
				231C9207205925F1004154FE /* AppDelegate.swift in Sources */,
			);
			runOnlyForDeploymentPostprocessing = 0;
		};
/* End PBXSourcesBuildPhase section */

/* Begin PBXVariantGroup section */
		231C920A205925F1004154FE /* Main.storyboard */ = {
			isa = PBXVariantGroup;
			children = (
				231C920B205925F1004154FE /* Base */,
			);
			name = Main.storyboard;
			sourceTree = "<group>";
		};
		231C920F205925F1004154FE /* LaunchScreen.storyboard */ = {
			isa = PBXVariantGroup;
			children = (
				231C9210205925F1004154FE /* Base */,
			);
			name = LaunchScreen.storyboard;
			sourceTree = "<group>";
		};
/* End PBXVariantGroup section */

/* Begin XCBuildConfiguration section */
		231C9213205925F1004154FE /* Debug */ = {
			isa = XCBuildConfiguration;
			buildSettings = {
				ALWAYS_SEARCH_USER_PATHS = NO;
				CLANG_ANALYZER_NONNULL = YES;
				CLANG_ANALYZER_NUMBER_OBJECT_CONVERSION = YES_AGGRESSIVE;
				CLANG_CXX_LANGUAGE_STANDARD = "gnu++14";
				CLANG_CXX_LIBRARY = "libc++";
				CLANG_ENABLE_MODULES = YES;
				CLANG_ENABLE_OBJC_ARC = YES;
				CLANG_WARN_BLOCK_CAPTURE_AUTORELEASING = YES;
				CLANG_WARN_BOOL_CONVERSION = YES;
				CLANG_WARN_COMMA = YES;
				CLANG_WARN_CONSTANT_CONVERSION = YES;
				CLANG_WARN_DIRECT_OBJC_ISA_USAGE = YES_ERROR;
				CLANG_WARN_DOCUMENTATION_COMMENTS = YES;
				CLANG_WARN_EMPTY_BODY = YES;
				CLANG_WARN_ENUM_CONVERSION = YES;
				CLANG_WARN_INFINITE_RECURSION = YES;
				CLANG_WARN_INT_CONVERSION = YES;
				CLANG_WARN_NON_LITERAL_NULL_CONVERSION = YES;
				CLANG_WARN_OBJC_LITERAL_CONVERSION = YES;
				CLANG_WARN_OBJC_ROOT_CLASS = YES_ERROR;
				CLANG_WARN_RANGE_LOOP_ANALYSIS = YES;
				CLANG_WARN_STRICT_PROTOTYPES = YES;
				CLANG_WARN_SUSPICIOUS_MOVE = YES;
				CLANG_WARN_UNGUARDED_AVAILABILITY = YES_AGGRESSIVE;
				CLANG_WARN_UNREACHABLE_CODE = YES;
				CLANG_WARN__DUPLICATE_METHOD_MATCH = YES;
				CODE_SIGN_IDENTITY = "iPhone Developer";
				COPY_PHASE_STRIP = NO;
				DEBUG_INFORMATION_FORMAT = dwarf;
				ENABLE_STRICT_OBJC_MSGSEND = YES;
				ENABLE_TESTABILITY = YES;
				GCC_C_LANGUAGE_STANDARD = gnu11;
				GCC_DYNAMIC_NO_PIC = NO;
				GCC_NO_COMMON_BLOCKS = YES;
				GCC_OPTIMIZATION_LEVEL = 0;
				GCC_PREPROCESSOR_DEFINITIONS = (
					"DEBUG=1",
					"$(inherited)",
				);
				GCC_WARN_64_TO_32_BIT_CONVERSION = YES;
				GCC_WARN_ABOUT_RETURN_TYPE = YES_ERROR;
				GCC_WARN_UNDECLARED_SELECTOR = YES;
				GCC_WARN_UNINITIALIZED_AUTOS = YES_AGGRESSIVE;
				GCC_WARN_UNUSED_FUNCTION = YES;
				GCC_WARN_UNUSED_VARIABLE = YES;
				IPHONEOS_DEPLOYMENT_TARGET = 11.2;
				MTL_ENABLE_DEBUG_INFO = YES;
				ONLY_ACTIVE_ARCH = YES;
				SDKROOT = iphoneos;
				SWIFT_ACTIVE_COMPILATION_CONDITIONS = DEBUG;
				SWIFT_OPTIMIZATION_LEVEL = "-Onone";
			};
			name = Debug;
		};
		231C9214205925F1004154FE /* Release */ = {
			isa = XCBuildConfiguration;
			buildSettings = {
				ALWAYS_SEARCH_USER_PATHS = NO;
				CLANG_ANALYZER_NONNULL = YES;
				CLANG_ANALYZER_NUMBER_OBJECT_CONVERSION = YES_AGGRESSIVE;
				CLANG_CXX_LANGUAGE_STANDARD = "gnu++14";
				CLANG_CXX_LIBRARY = "libc++";
				CLANG_ENABLE_MODULES = YES;
				CLANG_ENABLE_OBJC_ARC = YES;
				CLANG_WARN_BLOCK_CAPTURE_AUTORELEASING = YES;
				CLANG_WARN_BOOL_CONVERSION = YES;
				CLANG_WARN_COMMA = YES;
				CLANG_WARN_CONSTANT_CONVERSION = YES;
				CLANG_WARN_DIRECT_OBJC_ISA_USAGE = YES_ERROR;
				CLANG_WARN_DOCUMENTATION_COMMENTS = YES;
				CLANG_WARN_EMPTY_BODY = YES;
				CLANG_WARN_ENUM_CONVERSION = YES;
				CLANG_WARN_INFINITE_RECURSION = YES;
				CLANG_WARN_INT_CONVERSION = YES;
				CLANG_WARN_NON_LITERAL_NULL_CONVERSION = YES;
				CLANG_WARN_OBJC_LITERAL_CONVERSION = YES;
				CLANG_WARN_OBJC_ROOT_CLASS = YES_ERROR;
				CLANG_WARN_RANGE_LOOP_ANALYSIS = YES;
				CLANG_WARN_STRICT_PROTOTYPES = YES;
				CLANG_WARN_SUSPICIOUS_MOVE = YES;
				CLANG_WARN_UNGUARDED_AVAILABILITY = YES_AGGRESSIVE;
				CLANG_WARN_UNREACHABLE_CODE = YES;
				CLANG_WARN__DUPLICATE_METHOD_MATCH = YES;
				CODE_SIGN_IDENTITY = "iPhone Developer";
				COPY_PHASE_STRIP = NO;
				DEBUG_INFORMATION_FORMAT = "dwarf-with-dsym";
				ENABLE_NS_ASSERTIONS = NO;
				ENABLE_STRICT_OBJC_MSGSEND = YES;
				GCC_C_LANGUAGE_STANDARD = gnu11;
				GCC_NO_COMMON_BLOCKS = YES;
				GCC_WARN_64_TO_32_BIT_CONVERSION = YES;
				GCC_WARN_ABOUT_RETURN_TYPE = YES_ERROR;
				GCC_WARN_UNDECLARED_SELECTOR = YES;
				GCC_WARN_UNINITIALIZED_AUTOS = YES_AGGRESSIVE;
				GCC_WARN_UNUSED_FUNCTION = YES;
				GCC_WARN_UNUSED_VARIABLE = YES;
				IPHONEOS_DEPLOYMENT_TARGET = 11.2;
				MTL_ENABLE_DEBUG_INFO = NO;
				SDKROOT = iphoneos;
				SWIFT_OPTIMIZATION_LEVEL = "-Owholemodule";
				VALIDATE_PRODUCT = YES;
			};
			name = Release;
		};
		231C9216205925F1004154FE /* Debug */ = {
			isa = XCBuildConfiguration;
			baseConfigurationReference = 3F6CE79D5C365602C596E4C1 /* Pods-KindOfInsta.debug.xcconfig */;
			buildSettings = {
				ASSETCATALOG_COMPILER_APPICON_NAME = AppIcon;
				CODE_SIGN_STYLE = Automatic;
				DEVELOPMENT_TEAM = TNJ5QF4LT5;
				INFOPLIST_FILE = KindOfInsta/Info.plist;
				LD_RUNPATH_SEARCH_PATHS = "$(inherited) @executable_path/Frameworks";
				PRODUCT_BUNDLE_IDENTIFIER = JS.KindOfInsta;
				PRODUCT_NAME = "$(TARGET_NAME)";
				SWIFT_VERSION = 4.0;
				TARGETED_DEVICE_FAMILY = "1,2";
			};
			name = Debug;
		};
		231C9217205925F1004154FE /* Release */ = {
			isa = XCBuildConfiguration;
			baseConfigurationReference = D40297A0C07C01C5DABC64E5 /* Pods-KindOfInsta.release.xcconfig */;
			buildSettings = {
				ASSETCATALOG_COMPILER_APPICON_NAME = AppIcon;
				CODE_SIGN_STYLE = Automatic;
				DEVELOPMENT_TEAM = TNJ5QF4LT5;
				INFOPLIST_FILE = KindOfInsta/Info.plist;
				LD_RUNPATH_SEARCH_PATHS = "$(inherited) @executable_path/Frameworks";
				PRODUCT_BUNDLE_IDENTIFIER = JS.KindOfInsta;
				PRODUCT_NAME = "$(TARGET_NAME)";
				SWIFT_VERSION = 4.0;
				TARGETED_DEVICE_FAMILY = "1,2";
			};
			name = Release;
		};
/* End XCBuildConfiguration section */

/* Begin XCConfigurationList section */
		231C91FE205925F1004154FE /* Build configuration list for PBXProject "KindOfInsta" */ = {
			isa = XCConfigurationList;
			buildConfigurations = (
				231C9213205925F1004154FE /* Debug */,
				231C9214205925F1004154FE /* Release */,
			);
			defaultConfigurationIsVisible = 0;
			defaultConfigurationName = Release;
		};
		231C9215205925F1004154FE /* Build configuration list for PBXNativeTarget "KindOfInsta" */ = {
			isa = XCConfigurationList;
			buildConfigurations = (
				231C9216205925F1004154FE /* Debug */,
				231C9217205925F1004154FE /* Release */,
			);
			defaultConfigurationIsVisible = 0;
			defaultConfigurationName = Release;
		};
/* End XCConfigurationList section */
	};
	rootObject = 231C91FB205925F1004154FE /* Project object */;
}
